
Microsoft Visual Studio Solution File, Format Version 12.00
# Visual Studio 15
VisualStudioVersion = 15.0.27428.2011
MinimumVisualStudioVersion = 10.0.40219.1
Project("{FAE04EC0-301F-11D3-BF4B-00C04F79EFBC}") = "Poor Cookie Authentication (17-4-2018)", "Poor Cookie Authentication (17-4-2018)\Poor Cookie Authentication (17-4-2018).csproj", "{F5E17F6D-718E-45DB-BD46-DAD492FCE229}"
EndProject
Global
	GlobalSection(SolutionConfigurationPlatforms) = preSolution
		Debug|Any CPU = Debug|Any CPU
		Release|Any CPU = Release|Any CPU
	EndGlobalSection
	GlobalSection(ProjectConfigurationPlatforms) = postSolution
		{F5E17F6D-718E-45DB-BD46-DAD492FCE229}.Debug|Any CPU.ActiveCfg = Debug|Any CPU
		{F5E17F6D-718E-45DB-BD46-DAD492FCE229}.Debug|Any CPU.Build.0 = Debug|Any CPU
		{F5E17F6D-718E-45DB-BD46-DAD492FCE229}.Release|Any CPU.ActiveCfg = Release|Any CPU
		{F5E17F6D-718E-45DB-BD46-DAD492FCE229}.Release|Any CPU.Build.0 = Release|Any CPU
	EndGlobalSection
	GlobalSection(SolutionProperties) = preSolution
		HideSolutionNode = FALSE
	EndGlobalSection
	GlobalSection(ExtensibilityGlobals) = postSolution
		SolutionGuid = {939E2DAF-EE03-42BC-A287-08410B5CC532}
	EndGlobalSection
EndGlobal
